
Microsoft Visual Studio Solution File, Format Version 12.00
# Visual Studio 15
VisualStudioVersion = 15.0.28010.2050
MinimumVisualStudioVersion = 10.0.40219.1
Project("{FAE04EC0-301F-11D3-BF4B-00C04F79EFBC}") = "EDsemp", "EDsemp\EDsemp.csproj", "{8E69F67C-7CB8-4363-8B35-727428FF2EA4}"
EndProject
Project("{FAE04EC0-301F-11D3-BF4B-00C04F79EFBC}") = "EKsemp", "EKsemp\EKsemp.csproj", "{A67EFF18-0EDE-4164-9775-43C58353C0D8}"
EndProject
Global
	GlobalSection(SolutionConfigurationPlatforms) = preSolution
		Debug|Any CPU = Debug|Any CPU
		Release|Any CPU = Release|Any CPU
	EndGlobalSection
	GlobalSection(ProjectConfigurationPlatforms) = postSolution
		{8E69F67C-7CB8-4363-8B35-727428FF2EA4}.Debug|Any CPU.ActiveCfg = Debug|Any CPU
		{8E69F67C-7CB8-4363-8B35-727428FF2EA4}.Debug|Any CPU.Build.0 = Debug|Any CPU
		{8E69F67C-7CB8-4363-8B35-727428FF2EA4}.Release|Any CPU.ActiveCfg = Release|Any CPU
		{8E69F67C-7CB8-4363-8B35-727428FF2EA4}.Release|Any CPU.Build.0 = Release|Any CPU
		{A67EFF18-0EDE-4164-9775-43C58353C0D8}.Debug|Any CPU.ActiveCfg = Debug|Any CPU
		{A67EFF18-0EDE-4164-9775-43C58353C0D8}.Debug|Any CPU.Build.0 = Debug|Any CPU
		{A67EFF18-0EDE-4164-9775-43C58353C0D8}.Release|Any CPU.ActiveCfg = Release|Any CPU
		{A67EFF18-0EDE-4164-9775-43C58353C0D8}.Release|Any CPU.Build.0 = Release|Any CPU
	EndGlobalSection
	GlobalSection(SolutionProperties) = preSolution
		HideSolutionNode = FALSE
	EndGlobalSection
	GlobalSection(ExtensibilityGlobals) = postSolution
		SolutionGuid = {61D6CB92-0B33-43A9-9B8B-B9A1EB40EE58}
	EndGlobalSection
EndGlobal
